
Microsoft Visual Studio Solution File, Format Version 12.00
# Visual Studio Version 16
VisualStudioVersion = 16.0.31729.503
MinimumVisualStudioVersion = 10.0.40219.1
Project("{FAE04EC0-301F-11D3-BF4B-00C04F79EFBC}") = "TGBot_BonyaBot", "TGBot_BonyaBot.csproj", "{6BD8E739-B12E-426D-98BA-300CCFEDF389}"
EndProject
Global
	GlobalSection(SolutionConfigurationPlatforms) = preSolution
		Debug|Any CPU = Debug|Any CPU
		Release|Any CPU = Release|Any CPU
	EndGlobalSection
	GlobalSection(ProjectConfigurationPlatforms) = postSolution
		{6BD8E739-B12E-426D-98BA-300CCFEDF389}.Debug|Any CPU.ActiveCfg = Debug|Any CPU
		{6BD8E739-B12E-426D-98BA-300CCFEDF389}.Debug|Any CPU.Build.0 = Debug|Any CPU
		{6BD8E739-B12E-426D-98BA-300CCFEDF389}.Release|Any CPU.ActiveCfg = Release|Any CPU
		{6BD8E739-B12E-426D-98BA-300CCFEDF389}.Release|Any CPU.Build.0 = Release|Any CPU
	EndGlobalSection
	GlobalSection(SolutionProperties) = preSolution
		HideSolutionNode = FALSE
	EndGlobalSection
	GlobalSection(ExtensibilityGlobals) = postSolution
		SolutionGuid = {C33EB2DF-52A2-4990-9420-9C8DED3B8431}
	EndGlobalSection
EndGlobal
